
Microsoft Visual Studio Solution File, Format Version 12.00
# Visual Studio 15
VisualStudioVersion = 15.0.28307.572
MinimumVisualStudioVersion = 10.0.40219.1
Project("{FAE04EC0-301F-11D3-BF4B-00C04F79EFBC}") = "Recursion", "Recursion\Recursion.csproj", "{52A1C871-CCC5-4BFA-A24A-F101EDEAEA6B}"
EndProject
Project("{FAE04EC0-301F-11D3-BF4B-00C04F79EFBC}") = "ConvertParseTryParse", "ConvertParseTryParse\ConvertParseTryParse.csproj", "{ADA71F1C-2208-47E0-BDC9-0B3E43343601}"
EndProject
Project("{FAE04EC0-301F-11D3-BF4B-00C04F79EFBC}") = "MainProject", "MainProject\MainProject.csproj", "{196C26AF-52EF-4C8F-A24F-9D8810B65C75}"
EndProject
Project("{FAE04EC0-301F-11D3-BF4B-00C04F79EFBC}") = "Structs", "Structs\Structs.csproj", "{98B9423F-FF2B-4C09-A23D-337570973F93}"
EndProject
Project("{FAE04EC0-301F-11D3-BF4B-00C04F79EFBC}") = "QueueAndStack", "QueueAndStack\QueueAndStack.csproj", "{65523CEF-F055-4249-A1FF-456D7E9A02CD}"
EndProject
Global
	GlobalSection(SolutionConfigurationPlatforms) = preSolution
		Debug|Any CPU = Debug|Any CPU
		Release|Any CPU = Release|Any CPU
	EndGlobalSection
	GlobalSection(ProjectConfigurationPlatforms) = postSolution
		{52A1C871-CCC5-4BFA-A24A-F101EDEAEA6B}.Debug|Any CPU.ActiveCfg = Debug|Any CPU
		{52A1C871-CCC5-4BFA-A24A-F101EDEAEA6B}.Debug|Any CPU.Build.0 = Debug|Any CPU
		{52A1C871-CCC5-4BFA-A24A-F101EDEAEA6B}.Release|Any CPU.ActiveCfg = Release|Any CPU
		{52A1C871-CCC5-4BFA-A24A-F101EDEAEA6B}.Release|Any CPU.Build.0 = Release|Any CPU
		{ADA71F1C-2208-47E0-BDC9-0B3E43343601}.Debug|Any CPU.ActiveCfg = Debug|Any CPU
		{ADA71F1C-2208-47E0-BDC9-0B3E43343601}.Debug|Any CPU.Build.0 = Debug|Any CPU
		{ADA71F1C-2208-47E0-BDC9-0B3E43343601}.Release|Any CPU.ActiveCfg = Release|Any CPU
		{ADA71F1C-2208-47E0-BDC9-0B3E43343601}.Release|Any CPU.Build.0 = Release|Any CPU
		{196C26AF-52EF-4C8F-A24F-9D8810B65C75}.Debug|Any CPU.ActiveCfg = Debug|Any CPU
		{196C26AF-52EF-4C8F-A24F-9D8810B65C75}.Debug|Any CPU.Build.0 = Debug|Any CPU
		{196C26AF-52EF-4C8F-A24F-9D8810B65C75}.Release|Any CPU.ActiveCfg = Release|Any CPU
		{196C26AF-52EF-4C8F-A24F-9D8810B65C75}.Release|Any CPU.Build.0 = Release|Any CPU
		{98B9423F-FF2B-4C09-A23D-337570973F93}.Debug|Any CPU.ActiveCfg = Debug|Any CPU
		{98B9423F-FF2B-4C09-A23D-337570973F93}.Debug|Any CPU.Build.0 = Debug|Any CPU
		{98B9423F-FF2B-4C09-A23D-337570973F93}.Release|Any CPU.ActiveCfg = Release|Any CPU
		{98B9423F-FF2B-4C09-A23D-337570973F93}.Release|Any CPU.Build.0 = Release|Any CPU
		{65523CEF-F055-4249-A1FF-456D7E9A02CD}.Debug|Any CPU.ActiveCfg = Debug|Any CPU
		{65523CEF-F055-4249-A1FF-456D7E9A02CD}.Debug|Any CPU.Build.0 = Debug|Any CPU
		{65523CEF-F055-4249-A1FF-456D7E9A02CD}.Release|Any CPU.ActiveCfg = Release|Any CPU
		{65523CEF-F055-4249-A1FF-456D7E9A02CD}.Release|Any CPU.Build.0 = Release|Any CPU
	EndGlobalSection
	GlobalSection(SolutionProperties) = preSolution
		HideSolutionNode = FALSE
	EndGlobalSection
	GlobalSection(ExtensibilityGlobals) = postSolution
		SolutionGuid = {CF03F612-24D4-4AF7-BAD4-A6758DCF69DC}
	EndGlobalSection
EndGlobal
